
Microsoft Visual Studio Solution File, Format Version 12.00
# Visual Studio Version 17
VisualStudioVersion = 17.7.34202.233
MinimumVisualStudioVersion = 10.0.40219.1
Project("{FAE04EC0-301F-11D3-BF4B-00C04F79EFBC}") = "WindowsFormsApp8", "WindowsFormsApp8\WindowsFormsApp8.csproj", "{DAABA568-D512-42AD-8FD0-E6FC7590972A}"
EndProject
Global
	GlobalSection(SolutionConfigurationPlatforms) = preSolution
		Debug|Any CPU = Debug|Any CPU
		Release|Any CPU = Release|Any CPU
	EndGlobalSection
	GlobalSection(ProjectConfigurationPlatforms) = postSolution
		{DAABA568-D512-42AD-8FD0-E6FC7590972A}.Debug|Any CPU.ActiveCfg = Debug|Any CPU
		{DAABA568-D512-42AD-8FD0-E6FC7590972A}.Debug|Any CPU.Build.0 = Debug|Any CPU
		{DAABA568-D512-42AD-8FD0-E6FC7590972A}.Release|Any CPU.ActiveCfg = Release|Any CPU
		{DAABA568-D512-42AD-8FD0-E6FC7590972A}.Release|Any CPU.Build.0 = Release|Any CPU
	EndGlobalSection
	GlobalSection(SolutionProperties) = preSolution
		HideSolutionNode = FALSE
	EndGlobalSection
	GlobalSection(ExtensibilityGlobals) = postSolution
		SolutionGuid = {83377173-6752-4752-91BD-B0C1E586541D}
	EndGlobalSection
EndGlobal
